
Microsoft Visual Studio Solution File, Format Version 12.00
# Visual Studio Version 17
VisualStudioVersion = 17.2.32616.157
MinimumVisualStudioVersion = 10.0.40219.1
Project("{FAE04EC0-301F-11D3-BF4B-00C04F79EFBC}") = "ContosoPizzaEFDemo", "ContosoPizzaEFDemo\ContosoPizzaEFDemo.csproj", "{33EE251E-3E72-41C4-AA5D-660733674B17}"
EndProject
Global
	GlobalSection(SolutionConfigurationPlatforms) = preSolution
		Debug|Any CPU = Debug|Any CPU
		Release|Any CPU = Release|Any CPU
	EndGlobalSection
	GlobalSection(ProjectConfigurationPlatforms) = postSolution
		{33EE251E-3E72-41C4-AA5D-660733674B17}.Debug|Any CPU.ActiveCfg = Debug|Any CPU
		{33EE251E-3E72-41C4-AA5D-660733674B17}.Debug|Any CPU.Build.0 = Debug|Any CPU
		{33EE251E-3E72-41C4-AA5D-660733674B17}.Release|Any CPU.ActiveCfg = Release|Any CPU
		{33EE251E-3E72-41C4-AA5D-660733674B17}.Release|Any CPU.Build.0 = Release|Any CPU
	EndGlobalSection
	GlobalSection(SolutionProperties) = preSolution
		HideSolutionNode = FALSE
	EndGlobalSection
	GlobalSection(ExtensibilityGlobals) = postSolution
		SolutionGuid = {A3FB6558-BD6F-4921-8402-2729CFFBA53A}
	EndGlobalSection
EndGlobal
